
Microsoft Visual Studio Solution File, Format Version 12.00
# Visual Studio Version 17
VisualStudioVersion = 17.0.31423.177
MinimumVisualStudioVersion = 15.0.26124.0
Project("{9A19103F-16F7-4668-BE54-9A1E7A4F7556}") = "Quark", "Quark\Quark.csproj", "{48469EC5-7ACF-45F0-B3DE-14BB6AF95ED1}"
EndProject
Project("{9A19103F-16F7-4668-BE54-9A1E7A4F7556}") = "Quark.CLI", "Quark.CLI\Quark.CLI.csproj", "{D5164E83-278F-4254-8675-6A1F92BE75BB}"
EndProject
Project("{2150E333-8FDC-42A3-9474-1A3956D46DE8}") = "Tests", "Tests", "{8E224670-123A-47D0-8665-9CF3D75E31E0}"
EndProject
Project("{9A19103F-16F7-4668-BE54-9A1E7A4F7556}") = "Quark.Tests", "Tests\Quark.Tests\Quark.Tests.csproj", "{2AA93145-863D-451D-942F-ED9473131AD3}"
EndProject
Project("{9A19103F-16F7-4668-BE54-9A1E7A4F7556}") = "Quark.CLI.Tests", "Tests\Quark.CLI.Tests\Quark.CLI.Tests.csproj", "{AE0CA9F9-E175-4F04-90B7-7D7C8537142F}"
EndProject
Project("{9A19103F-16F7-4668-BE54-9A1E7A4F7556}") = "Quark.Abstractions", "Quark.Abstractions\Quark.Abstractions.csproj", "{123FC569-0979-46EF-9FE3-6F1A5C0CC4C4}"
EndProject
Project("{9A19103F-16F7-4668-BE54-9A1E7A4F7556}") = "Quark.Systems", "Quark.System\Quark.Systems.csproj", "{D2BB91E1-B8B0-4066-859D-13E0E9EAEEE0}"
EndProject
Project("{9A19103F-16F7-4668-BE54-9A1E7A4F7556}") = "TestApp", "TestApp\TestApp.csproj", "{9C80D3EF-B29A-4B84-B36B-490AC191D4B3}"
EndProject
Project("{9A19103F-16F7-4668-BE54-9A1E7A4F7556}") = "Quark.Elasticsearch", "Quark.Elasticsearch\Quark.Elasticsearch.csproj", "{135C3C5C-2561-4DAA-8BB9-DF0CE72673E0}"
EndProject
Project("{2150E333-8FDC-42A3-9474-1A3956D46DE8}") = "Solution Items", "Solution Items", "{79916425-E7B2-4B9D-A566-4A7A7751008D}"
	ProjectSection(SolutionItems) = preProject
		..\.editorconfig = ..\.editorconfig
		..\.gitignore = ..\.gitignore
		..\Directory.Build.props = ..\Directory.Build.props
		..\NuGet.Config = ..\NuGet.Config
		..\README.md = ..\README.md
	EndProjectSection
EndProject
Project("{FAE04EC0-301F-11D3-BF4B-00C04F79EFBC}") = "Quark.Windows", "Quark.Windows\Quark.Windows.csproj", "{AD573365-9826-480C-8CE1-95ADD20E8879}"
EndProject
Project("{FAE04EC0-301F-11D3-BF4B-00C04F79EFBC}") = "Quark.Linux", "Quark.Linux\Quark.Linux.csproj", "{DD149A7C-187A-4055-9A20-A5E7A24CCCA8}"
EndProject
Global
	GlobalSection(SolutionConfigurationPlatforms) = preSolution
		Debug|Any CPU = Debug|Any CPU
		Release|Any CPU = Release|Any CPU
	EndGlobalSection
	GlobalSection(ProjectConfigurationPlatforms) = postSolution
		{48469EC5-7ACF-45F0-B3DE-14BB6AF95ED1}.Debug|Any CPU.ActiveCfg = Debug|Any CPU
		{48469EC5-7ACF-45F0-B3DE-14BB6AF95ED1}.Debug|Any CPU.Build.0 = Debug|Any CPU
		{48469EC5-7ACF-45F0-B3DE-14BB6AF95ED1}.Release|Any CPU.ActiveCfg = Release|Any CPU
		{48469EC5-7ACF-45F0-B3DE-14BB6AF95ED1}.Release|Any CPU.Build.0 = Release|Any CPU
		{D5164E83-278F-4254-8675-6A1F92BE75BB}.Debug|Any CPU.ActiveCfg = Debug|Any CPU
		{D5164E83-278F-4254-8675-6A1F92BE75BB}.Debug|Any CPU.Build.0 = Debug|Any CPU
		{D5164E83-278F-4254-8675-6A1F92BE75BB}.Release|Any CPU.ActiveCfg = Release|Any CPU
		{D5164E83-278F-4254-8675-6A1F92BE75BB}.Release|Any CPU.Build.0 = Release|Any CPU
		{2AA93145-863D-451D-942F-ED9473131AD3}.Debug|Any CPU.ActiveCfg = Debug|Any CPU
		{2AA93145-863D-451D-942F-ED9473131AD3}.Debug|Any CPU.Build.0 = Debug|Any CPU
		{2AA93145-863D-451D-942F-ED9473131AD3}.Release|Any CPU.ActiveCfg = Release|Any CPU
		{2AA93145-863D-451D-942F-ED9473131AD3}.Release|Any CPU.Build.0 = Release|Any CPU
		{AE0CA9F9-E175-4F04-90B7-7D7C8537142F}.Debug|Any CPU.ActiveCfg = Debug|Any CPU
		{AE0CA9F9-E175-4F04-90B7-7D7C8537142F}.Debug|Any CPU.Build.0 = Debug|Any CPU
		{AE0CA9F9-E175-4F04-90B7-7D7C8537142F}.Release|Any CPU.ActiveCfg = Release|Any CPU
		{AE0CA9F9-E175-4F04-90B7-7D7C8537142F}.Release|Any CPU.Build.0 = Release|Any CPU
		{123FC569-0979-46EF-9FE3-6F1A5C0CC4C4}.Debug|Any CPU.ActiveCfg = Debug|Any CPU
		{123FC569-0979-46EF-9FE3-6F1A5C0CC4C4}.Debug|Any CPU.Build.0 = Debug|Any CPU
		{123FC569-0979-46EF-9FE3-6F1A5C0CC4C4}.Release|Any CPU.ActiveCfg = Release|Any CPU
		{123FC569-0979-46EF-9FE3-6F1A5C0CC4C4}.Release|Any CPU.Build.0 = Release|Any CPU
		{D2BB91E1-B8B0-4066-859D-13E0E9EAEEE0}.Debug|Any CPU.ActiveCfg = Debug|Any CPU
		{D2BB91E1-B8B0-4066-859D-13E0E9EAEEE0}.Debug|Any CPU.Build.0 = Debug|Any CPU
		{D2BB91E1-B8B0-4066-859D-13E0E9EAEEE0}.Release|Any CPU.ActiveCfg = Release|Any CPU
		{D2BB91E1-B8B0-4066-859D-13E0E9EAEEE0}.Release|Any CPU.Build.0 = Release|Any CPU
		{9C80D3EF-B29A-4B84-B36B-490AC191D4B3}.Debug|Any CPU.ActiveCfg = Debug|Any CPU
		{9C80D3EF-B29A-4B84-B36B-490AC191D4B3}.Debug|Any CPU.Build.0 = Debug|Any CPU
		{9C80D3EF-B29A-4B84-B36B-490AC191D4B3}.Release|Any CPU.ActiveCfg = Release|Any CPU
		{9C80D3EF-B29A-4B84-B36B-490AC191D4B3}.Release|Any CPU.Build.0 = Release|Any CPU
		{135C3C5C-2561-4DAA-8BB9-DF0CE72673E0}.Debug|Any CPU.ActiveCfg = Debug|Any CPU
		{135C3C5C-2561-4DAA-8BB9-DF0CE72673E0}.Debug|Any CPU.Build.0 = Debug|Any CPU
		{135C3C5C-2561-4DAA-8BB9-DF0CE72673E0}.Release|Any CPU.ActiveCfg = Release|Any CPU
		{135C3C5C-2561-4DAA-8BB9-DF0CE72673E0}.Release|Any CPU.Build.0 = Release|Any CPU
		{AD573365-9826-480C-8CE1-95ADD20E8879}.Debug|Any CPU.ActiveCfg = Debug|Any CPU
		{AD573365-9826-480C-8CE1-95ADD20E8879}.Debug|Any CPU.Build.0 = Debug|Any CPU
		{AD573365-9826-480C-8CE1-95ADD20E8879}.Release|Any CPU.ActiveCfg = Release|Any CPU
		{AD573365-9826-480C-8CE1-95ADD20E8879}.Release|Any CPU.Build.0 = Release|Any CPU
		{DD149A7C-187A-4055-9A20-A5E7A24CCCA8}.Debug|Any CPU.ActiveCfg = Debug|Any CPU
		{DD149A7C-187A-4055-9A20-A5E7A24CCCA8}.Debug|Any CPU.Build.0 = Debug|Any CPU
		{DD149A7C-187A-4055-9A20-A5E7A24CCCA8}.Release|Any CPU.ActiveCfg = Release|Any CPU
		{DD149A7C-187A-4055-9A20-A5E7A24CCCA8}.Release|Any CPU.Build.0 = Release|Any CPU
	EndGlobalSection
	GlobalSection(SolutionProperties) = preSolution
		HideSolutionNode = FALSE
	EndGlobalSection
	GlobalSection(NestedProjects) = preSolution
		{2AA93145-863D-451D-942F-ED9473131AD3} = {8E224670-123A-47D0-8665-9CF3D75E31E0}
		{AE0CA9F9-E175-4F04-90B7-7D7C8537142F} = {8E224670-123A-47D0-8665-9CF3D75E31E0}
	EndGlobalSection
	GlobalSection(ExtensibilityGlobals) = postSolution
		SolutionGuid = {8A71F7C8-8BA6-4F2A-9F80-5CBDF79A43A5}
	EndGlobalSection
EndGlobal
